
Microsoft Visual Studio Solution File, Format Version 12.00
# Visual Studio 15
VisualStudioVersion = 15.0.27130.2003
MinimumVisualStudioVersion = 10.0.40219.1
Project("{FAE04EC0-301F-11D3-BF4B-00C04F79EFBC}") = "Hamming", "Hamming\Hamming.csproj", "{DDD27BA7-4A35-45EA-80C0-B88950DD20A6}"
EndProject
Project("{FAE04EC0-301F-11D3-BF4B-00C04F79EFBC}") = "HammingTest", "HammingTest\HammingTest.csproj", "{0C97109B-EB15-43D8-8458-81328C68588E}"
EndProject
Global
	GlobalSection(SolutionConfigurationPlatforms) = preSolution
		Debug|Any CPU = Debug|Any CPU
		Release|Any CPU = Release|Any CPU
	EndGlobalSection
	GlobalSection(ProjectConfigurationPlatforms) = postSolution
		{DDD27BA7-4A35-45EA-80C0-B88950DD20A6}.Debug|Any CPU.ActiveCfg = Debug|Any CPU
		{DDD27BA7-4A35-45EA-80C0-B88950DD20A6}.Debug|Any CPU.Build.0 = Debug|Any CPU
		{DDD27BA7-4A35-45EA-80C0-B88950DD20A6}.Release|Any CPU.ActiveCfg = Release|Any CPU
		{DDD27BA7-4A35-45EA-80C0-B88950DD20A6}.Release|Any CPU.Build.0 = Release|Any CPU
		{0C97109B-EB15-43D8-8458-81328C68588E}.Debug|Any CPU.ActiveCfg = Debug|Any CPU
		{0C97109B-EB15-43D8-8458-81328C68588E}.Debug|Any CPU.Build.0 = Debug|Any CPU
		{0C97109B-EB15-43D8-8458-81328C68588E}.Release|Any CPU.ActiveCfg = Release|Any CPU
		{0C97109B-EB15-43D8-8458-81328C68588E}.Release|Any CPU.Build.0 = Release|Any CPU
	EndGlobalSection
	GlobalSection(SolutionProperties) = preSolution
		HideSolutionNode = FALSE
	EndGlobalSection
	GlobalSection(ExtensibilityGlobals) = postSolution
		SolutionGuid = {83DF95B2-2F10-45A0-A911-ED4F375808B3}
	EndGlobalSection
EndGlobal
